PODS:
  - Facebook-iOS-SDK (3.9.0)
  - Parse (1.2.16):
    - Facebook-iOS-SDK (~> 3.7)
  - QuickDialog (0.9)

DEPENDENCIES:
  - Parse
  - QuickDialog

SPEC CHECKSUMS:
  Facebook-iOS-SDK: 5e1416dbdfc17b2620c2ca31c02e6feec042f2c1
  Parse: 598f833f44cf3e3e0dc0cee92892786d16ab7325
  QuickDialog: aea6a7b1a235ba0439065a45e5b124a8422f4e2c

COCOAPODS: 0.28.0
